// !$*UTF8*$!
{
	archiveVersion = 1;
	classes = {
	};
	objectVersion = 50;
	objects = {

/* Begin PBXBuildFile section */
		E972F4A022C2480500A0514F /* AppDelegate.swift in Sources */ = {isa = PBXBuildFile; fileRef = E972F49F22C2480500A0514F /* AppDelegate.swift */; };
		E972F4A222C2480500A0514F /* ViewController.swift in Sources */ = {isa = PBXBuildFile; fileRef = E972F4A122C2480500A0514F /* ViewController.swift */; };
		E972F4A822C2480500A0514F /* TTCompanies.xcdatamodeld in Sources */ = {isa = PBXBuildFile; fileRef = E972F4A622C2480500A0514F /* TTCompanies.xcdatamodeld */; };
		E972F4AA22C2480800A0514F /* Assets.xcassets in Resources */ = {isa = PBXBuildFile; fileRef = E972F4A922C2480800A0514F /* Assets.xcassets */; };
		E972F4AD22C2480800A0514F /* LaunchScreen.storyboard in Resources */ = {isa = PBXBuildFile; fileRef = E972F4AB22C2480800A0514F /* LaunchScreen.storyboard */; };
		E972F4B822C2480800A0514F /* TTCompaniesTests.swift in Sources */ = {isa = PBXBuildFile; fileRef = E972F4B722C2480800A0514F /* TTCompaniesTests.swift */; };
		E972F4C322C26F8400A0514F /* CompaniesWebService.swift in Sources */ = {isa = PBXBuildFile; fileRef = E972F4C222C26F8400A0514F /* CompaniesWebService.swift */; };
		E972F4C922C2747900A0514F /* DataBaseService.swift in Sources */ = {isa = PBXBuildFile; fileRef = E972F4C822C2747900A0514F /* DataBaseService.swift */; };
		E972F4CC22C27AD900A0514F /* Company+CoreDataClass.swift in Sources */ = {isa = PBXBuildFile; fileRef = E972F4CA22C27AD900A0514F /* Company+CoreDataClass.swift */; };
		E972F4CD22C27AD900A0514F /* Company+CoreDataProperties.swift in Sources */ = {isa = PBXBuildFile; fileRef = E972F4CB22C27AD900A0514F /* Company+CoreDataProperties.swift */; };
		E972F4CF22C286E400A0514F /* CoreDataService.swift in Sources */ = {isa = PBXBuildFile; fileRef = E972F4CE22C286E300A0514F /* CoreDataService.swift */; };
		E972F4D322C2B54300A0514F /* CompanyInfoViewController.swift in Sources */ = {isa = PBXBuildFile; fileRef = E972F4D222C2B54300A0514F /* CompanyInfoViewController.swift */; };
		E9E1A0A422C2CFFE00501FFA /* CoreDataContextObserver.swift in Sources */ = {isa = PBXBuildFile; fileRef = E9E1A0A322C2CFFE00501FFA /* CoreDataContextObserver.swift */; };
/* End PBXBuildFile section */

/* Begin PBXContainerItemProxy section */
		E972F4B422C2480800A0514F /* PBXContainerItemProxy */ = {
			isa = PBXContainerItemProxy;
			containerPortal = E972F49422C2480500A0514F /* Project object */;
			proxyType = 1;
			remoteGlobalIDString = E972F49B22C2480500A0514F;
			remoteInfo = TTCompanies;
		};
/* End PBXContainerItemProxy section */

/* Begin PBXFileReference section */
		E972F49C22C2480500A0514F /* TTCompanies.app */ = {isa = PBXFileReference; explicitFileType = wrapper.application; includeInIndex = 0; path = TTCompanies.app; sourceTree = BUILT_PRODUCTS_DIR; };
		E972F49F22C2480500A0514F /* AppDelegate.swift */ = {isa = PBXFileReference; lastKnownFileType = sourcecode.swift; path = AppDelegate.swift; sourceTree = "<group>"; };
		E972F4A122C2480500A0514F /* ViewController.swift */ = {isa = PBXFileReference; lastKnownFileType = sourcecode.swift; path = ViewController.swift; sourceTree = "<group>"; };
		E972F4A722C2480500A0514F /* TTCompanies.xcdatamodel */ = {isa = PBXFileReference; lastKnownFileType = wrapper.xcdatamodel; path = TTCompanies.xcdatamodel; sourceTree = "<group>"; };
		E972F4A922C2480800A0514F /* Assets.xcassets */ = {isa = PBXFileReference; lastKnownFileType = folder.assetcatalog; path = Assets.xcassets; sourceTree = "<group>"; };
		E972F4AC22C2480800A0514F /* Base */ = {isa = PBXFileReference; lastKnownFileType = file.storyboard; name = Base; path = Base.lproj/LaunchScreen.storyboard; sourceTree = "<group>"; };
		E972F4AE22C2480800A0514F /* Info.plist */ = {isa = PBXFileReference; lastKnownFileType = text.plist.xml; path = Info.plist; sourceTree = "<group>"; };
		E972F4B322C2480800A0514F /* TTCompaniesTests.xctest */ = {isa = PBXFileReference; explicitFileType = wrapper.cfbundle; includeInIndex = 0; path = TTCompaniesTests.xctest; sourceTree = BUILT_PRODUCTS_DIR; };
		E972F4B722C2480800A0514F /* TTCompaniesTests.swift */ = {isa = PBXFileReference; lastKnownFileType = sourcecode.swift; path = TTCompaniesTests.swift; sourceTree = "<group>"; };
		E972F4B922C2480800A0514F /* Info.plist */ = {isa = PBXFileReference; lastKnownFileType = text.plist.xml; path = Info.plist; sourceTree = "<group>"; };
		E972F4C222C26F8400A0514F /* CompaniesWebService.swift */ = {isa = PBXFileReference; lastKnownFileType = sourcecode.swift; path = CompaniesWebService.swift; sourceTree = "<group>"; };
		E972F4C822C2747900A0514F /* DataBaseService.swift */ = {isa = PBXFileReference; lastKnownFileType = sourcecode.swift; name = DataBaseService.swift; path = ../DataBaseService.swift; sourceTree = "<group>"; };
		E972F4CA22C27AD900A0514F /* Company+CoreDataClass.swift */ = {isa = PBXFileReference; lastKnownFileType = sourcecode.swift; name = "Company+CoreDataClass.swift"; path = "../Company+CoreDataClass.swift"; sourceTree = "<group>"; };
		E972F4CB22C27AD900A0514F /* Company+CoreDataProperties.swift */ = {isa = PBXFileReference; lastKnownFileType = sourcecode.swift; name = "Company+CoreDataProperties.swift"; path = "../Company+CoreDataProperties.swift"; sourceTree = "<group>"; };
		E972F4CE22C286E300A0514F /* CoreDataService.swift */ = {isa = PBXFileReference; lastKnownFileType = sourcecode.swift; path = CoreDataService.swift; sourceTree = "<group>"; };
		E972F4D222C2B54300A0514F /* CompanyInfoViewController.swift */ = {isa = PBXFileReference; lastKnownFileType = sourcecode.swift; path = CompanyInfoViewController.swift; sourceTree = "<group>"; };
		E9E1A0A322C2CFFE00501FFA /* CoreDataContextObserver.swift */ = {isa = PBXFileReference; fileEncoding = 4; lastKnownFileType = sourcecode.swift; path = CoreDataContextObserver.swift; sourceTree = "<group>"; };
/* End PBXFileReference section */

/* Begin PBXFrameworksBuildPhase section */
		E972F49922C2480500A0514F /* Frameworks */ = {
			isa = PBXFrameworksBuildPhase;
			buildActionMask = 2147483647;
			files = (
			);
			runOnlyForDeploymentPostprocessing = 0;
		};
		E972F4B022C2480800A0514F /* Frameworks */ = {
			isa = PBXFrameworksBuildPhase;
			buildActionMask = 2147483647;
			files = (
			);
			runOnlyForDeploymentPostprocessing = 0;
		};
/* End PBXFrameworksBuildPhase section */

/* Begin PBXGroup section */
		E972F49322C2480500A0514F = {
			isa = PBXGroup;
			children = (
				E972F49E22C2480500A0514F /* TTCompanies */,
				E972F4B622C2480800A0514F /* TTCompaniesTests */,
				E972F49D22C2480500A0514F /* Products */,
			);
			sourceTree = "<group>";
		};
		E972F49D22C2480500A0514F /* Products */ = {
			isa = PBXGroup;
			children = (
				E972F49C22C2480500A0514F /* TTCompanies.app */,
				E972F4B322C2480800A0514F /* TTCompaniesTests.xctest */,
			);
			name = Products;
			sourceTree = "<group>";
		};
		E972F49E22C2480500A0514F /* TTCompanies */ = {
			isa = PBXGroup;
			children = (
				E972F4CA22C27AD900A0514F /* Company+CoreDataClass.swift */,
				E972F4CB22C27AD900A0514F /* Company+CoreDataProperties.swift */,
				E972F49F22C2480500A0514F /* AppDelegate.swift */,
				E972F4A122C2480500A0514F /* ViewController.swift */,
				E972F4A922C2480800A0514F /* Assets.xcassets */,
				E972F4AB22C2480800A0514F /* LaunchScreen.storyboard */,
				E972F4AE22C2480800A0514F /* Info.plist */,
				E972F4A622C2480500A0514F /* TTCompanies.xcdatamodeld */,
				E972F4C822C2747900A0514F /* DataBaseService.swift */,
				E9E1A0A322C2CFFE00501FFA /* CoreDataContextObserver.swift */,
				E972F4CE22C286E300A0514F /* CoreDataService.swift */,
				E972F4C222C26F8400A0514F /* CompaniesWebService.swift */,
				E972F4D222C2B54300A0514F /* CompanyInfoViewController.swift */,
			);
			path = TTCompanies;
			sourceTree = "<group>";
		};
		E972F4B622C2480800A0514F /* TTCompaniesTests */ = {
			isa = PBXGroup;
			children = (
				E972F4B722C2480800A0514F /* TTCompaniesTests.swift */,
				E972F4B922C2480800A0514F /* Info.plist */,
			);
			path = TTCompaniesTests;
			sourceTree = "<group>";
		};
/* End PBXGroup section */

/* Begin PBXNativeTarget section */
		E972F49B22C2480500A0514F /* TTCompanies */ = {
			isa = PBXNativeTarget;
			buildConfigurationList = E972F4BC22C2480800A0514F /* Build configuration list for PBXNativeTarget "TTCompanies" */;
			buildPhases = (
				E972F49822C2480500A0514F /* Sources */,
				E972F49922C2480500A0514F /* Frameworks */,
				E972F49A22C2480500A0514F /* Resources */,
			);
			buildRules = (
			);
			dependencies = (
			);
			name = TTCompanies;
			productName = TTCompanies;
			productReference = E972F49C22C2480500A0514F /* TTCompanies.app */;
			productType = "com.apple.product-type.application";
		};
		E972F4B222C2480800A0514F /* TTCompaniesTests */ = {
			isa = PBXNativeTarget;
			buildConfigurationList = E972F4BF22C2480800A0514F /* Build configuration list for PBXNativeTarget "TTCompaniesTests" */;
			buildPhases = (
				E972F4AF22C2480800A0514F /* Sources */,
				E972F4B022C2480800A0514F /* Frameworks */,
				E972F4B122C2480800A0514F /* Resources */,
			);
			buildRules = (
			);
			dependencies = (
				E972F4B522C2480800A0514F /* PBXTargetDependency */,
			);
			name = TTCompaniesTests;
			productName = TTCompaniesTests;
			productReference = E972F4B322C2480800A0514F /* TTCompaniesTests.xctest */;
			productType = "com.apple.product-type.bundle.unit-test";
		};
/* End PBXNativeTarget section */

/* Begin PBXProject section */
		E972F49422C2480500A0514F /* Project object */ = {
			isa = PBXProject;
			attributes = {
				LastSwiftUpdateCheck = 1020;
				LastUpgradeCheck = 1020;
				ORGANIZATIONNAME = aleksandrpravda;
				TargetAttributes = {
					E972F49B22C2480500A0514F = {
						CreatedOnToolsVersion = 10.2.1;
					};
					E972F4B222C2480800A0514F = {
						CreatedOnToolsVersion = 10.2.1;
						TestTargetID = E972F49B22C2480500A0514F;
					};
				};
			};
			buildConfigurationList = E972F49722C2480500A0514F /* Build configuration list for PBXProject "TTCompanies" */;
			compatibilityVersion = "Xcode 9.3";
			developmentRegion = en;
			hasScannedForEncodings = 0;
			knownRegions = (
				en,
				Base,
			);
			mainGroup = E972F49322C2480500A0514F;
			productRefGroup = E972F49D22C2480500A0514F /* Products */;
			projectDirPath = "";
			projectRoot = "";
			targets = (
				E972F49B22C2480500A0514F /* TTCompanies */,
				E972F4B222C2480800A0514F /* TTCompaniesTests */,
			);
		};
/* End PBXProject section */

/* Begin PBXResourcesBuildPhase section */
		E972F49A22C2480500A0514F /* Resources */ = {
			isa = PBXResourcesBuildPhase;
			buildActionMask = 2147483647;
			files = (
				E972F4AD22C2480800A0514F /* LaunchScreen.storyboard in Resources */,
				E972F4AA22C2480800A0514F /* Assets.xcassets in Resources */,
			);
			runOnlyForDeploymentPostprocessing = 0;
		};
		E972F4B122C2480800A0514F /* Resources */ = {
			isa = PBXResourcesBuildPhase;
			buildActionMask = 2147483647;
			files = (
			);
			runOnlyForDeploymentPostprocessing = 0;
		};
/* End PBXResourcesBuildPhase section */

/* Begin PBXSourcesBuildPhase section */
		E972F49822C2480500A0514F /* Sources */ = {
			isa = PBXSourcesBuildPhase;
			buildActionMask = 2147483647;
			files = (
				E972F4A222C2480500A0514F /* ViewController.swift in Sources */,
				E972F4CC22C27AD900A0514F /* Company+CoreDataClass.swift in Sources */,
				E972F4A022C2480500A0514F /* AppDelegate.swift in Sources */,
				E9E1A0A422C2CFFE00501FFA /* CoreDataContextObserver.swift in Sources */,
				E972F4C322C26F8400A0514F /* CompaniesWebService.swift in Sources */,
				E972F4CF22C286E400A0514F /* CoreDataService.swift in Sources */,
				E972F4C922C2747900A0514F /* DataBaseService.swift in Sources */,
				E972F4A822C2480500A0514F /* TTCompanies.xcdatamodeld in Sources */,
				E972F4D322C2B54300A0514F /* CompanyInfoViewController.swift in Sources */,
				E972F4CD22C27AD900A0514F /* Company+CoreDataProperties.swift in Sources */,
			);
			runOnlyForDeploymentPostprocessing = 0;
		};
		E972F4AF22C2480800A0514F /* Sources */ = {
			isa = PBXSourcesBuildPhase;
			buildActionMask = 2147483647;
			files = (
				E972F4B822C2480800A0514F /* TTCompaniesTests.swift in Sources */,
			);
			runOnlyForDeploymentPostprocessing = 0;
		};
/* End PBXSourcesBuildPhase section */

/* Begin PBXTargetDependency section */
		E972F4B522C2480800A0514F /* PBXTargetDependency */ = {
			isa = PBXTargetDependency;
			target = E972F49B22C2480500A0514F /* TTCompanies */;
			targetProxy = E972F4B422C2480800A0514F /* PBXContainerItemProxy */;
		};
/* End PBXTargetDependency section */

/* Begin PBXVariantGroup section */
		E972F4AB22C2480800A0514F /* LaunchScreen.storyboard */ = {
			isa = PBXVariantGroup;
			children = (
				E972F4AC22C2480800A0514F /* Base */,
			);
			name = LaunchScreen.storyboard;
			sourceTree = "<group>";
		};
/* End PBXVariantGroup section */

/* Begin XCBuildConfiguration section */
		E972F4BA22C2480800A0514F /* Debug */ = {
			isa = XCBuildConfiguration;
			buildSettings = {
				ALWAYS_SEARCH_USER_PATHS = NO;
				CLANG_ANALYZER_NONNULL = YES;
				CLANG_ANALYZER_NUMBER_OBJECT_CONVERSION = YES_AGGRESSIVE;
				CLANG_CXX_LANGUAGE_STANDARD = "gnu++14";
				CLANG_CXX_LIBRARY = "libc++";
				CLANG_ENABLE_MODULES = YES;
				CLANG_ENABLE_OBJC_ARC = YES;
				CLANG_ENABLE_OBJC_WEAK = YES;
				CLANG_WARN_BLOCK_CAPTURE_AUTORELEASING = YES;
				CLANG_WARN_BOOL_CONVERSION = YES;
				CLANG_WARN_COMMA = YES;
				CLANG_WARN_CONSTANT_CONVERSION = YES;
				CLANG_WARN_DEPRECATED_OBJC_IMPLEMENTATIONS = YES;
				CLANG_WARN_DIRECT_OBJC_ISA_USAGE = YES_ERROR;
				CLANG_WARN_DOCUMENTATION_COMMENTS = YES;
				CLANG_WARN_EMPTY_BODY = YES;
				CLANG_WARN_ENUM_CONVERSION = YES;
				CLANG_WARN_INFINITE_RECURSION = YES;
				CLANG_WARN_INT_CONVERSION = YES;
				CLANG_WARN_NON_LITERAL_NULL_CONVERSION = YES;
				CLANG_WARN_OBJC_IMPLICIT_RETAIN_SELF = YES;
				CLANG_WARN_OBJC_LITERAL_CONVERSION = YES;
				CLANG_WARN_OBJC_ROOT_CLASS = YES_ERROR;
				CLANG_WARN_RANGE_LOOP_ANALYSIS = YES;
				CLANG_WARN_STRICT_PROTOTYPES = YES;
				CLANG_WARN_SUSPICIOUS_MOVE = YES;
				CLANG_WARN_UNGUARDED_AVAILABILITY = YES_AGGRESSIVE;
				CLANG_WARN_UNREACHABLE_CODE = YES;
				CLANG_WARN__DUPLICATE_METHOD_MATCH = YES;
				CODE_SIGN_IDENTITY = "iPhone Developer";
				COPY_PHASE_STRIP = NO;
				DEBUG_INFORMATION_FORMAT = dwarf;
				ENABLE_STRICT_OBJC_MSGSEND = YES;
				ENABLE_TESTABILITY = YES;
				GCC_C_LANGUAGE_STANDARD = gnu11;
				GCC_DYNAMIC_NO_PIC = NO;
				GCC_NO_COMMON_BLOCKS = YES;
				GCC_OPTIMIZATION_LEVEL = 0;
				GCC_PREPROCESSOR_DEFINITIONS = (
					"DEBUG=1",
					"$(inherited)",
				);
				GCC_WARN_64_TO_32_BIT_CONVERSION = YES;
				GCC_WARN_ABOUT_RETURN_TYPE = YES_ERROR;
				GCC_WARN_UNDECLARED_SELECTOR = YES;
				GCC_WARN_UNINITIALIZED_AUTOS = YES_AGGRESSIVE;
				GCC_WARN_UNUSED_FUNCTION = YES;
				GCC_WARN_UNUSED_VARIABLE = YES;
				IPHONEOS_DEPLOYMENT_TARGET = 12.2;
				MTL_ENABLE_DEBUG_INFO = INCLUDE_SOURCE;
				MTL_FAST_MATH = YES;
				ONLY_ACTIVE_ARCH = YES;
				SDKROOT = iphoneos;
				SWIFT_ACTIVE_COMPILATION_CONDITIONS = DEBUG;
				SWIFT_OPTIMIZATION_LEVEL = "-Onone";
			};
			name = Debug;
		};
		E972F4BB22C2480800A0514F /* Release */ = {
			isa = XCBuildConfiguration;
			buildSettings = {
				ALWAYS_SEARCH_USER_PATHS = NO;
				CLANG_ANALYZER_NONNULL = YES;
				CLANG_ANALYZER_NUMBER_OBJECT_CONVERSION = YES_AGGRESSIVE;
				CLANG_CXX_LANGUAGE_STANDARD = "gnu++14";
				CLANG_CXX_LIBRARY = "libc++";
				CLANG_ENABLE_MODULES = YES;
				CLANG_ENABLE_OBJC_ARC = YES;
				CLANG_ENABLE_OBJC_WEAK = YES;
				CLANG_WARN_BLOCK_CAPTURE_AUTORELEASING = YES;
				CLANG_WARN_BOOL_CONVERSION = YES;
				CLANG_WARN_COMMA = YES;
				CLANG_WARN_CONSTANT_CONVERSION = YES;
				CLANG_WARN_DEPRECATED_OBJC_IMPLEMENTATIONS = YES;
				CLANG_WARN_DIRECT_OBJC_ISA_USAGE = YES_ERROR;
				CLANG_WARN_DOCUMENTATION_COMMENTS = YES;
				CLANG_WARN_EMPTY_BODY = YES;
				CLANG_WARN_ENUM_CONVERSION = YES;
				CLANG_WARN_INFINITE_RECURSION = YES;
				CLANG_WARN_INT_CONVERSION = YES;
				CLANG_WARN_NON_LITERAL_NULL_CONVERSION = YES;
				CLANG_WARN_OBJC_IMPLICIT_RETAIN_SELF = YES;
				CLANG_WARN_OBJC_LITERAL_CONVERSION = YES;
				CLANG_WARN_OBJC_ROOT_CLASS = YES_ERROR;
				CLANG_WARN_RANGE_LOOP_ANALYSIS = YES;
				CLANG_WARN_STRICT_PROTOTYPES = YES;
				CLANG_WARN_SUSPICIOUS_MOVE = YES;
				CLANG_WARN_UNGUARDED_AVAILABILITY = YES_AGGRESSIVE;
				CLANG_WARN_UNREACHABLE_CODE = YES;
				CLANG_WARN__DUPLICATE_METHOD_MATCH = YES;
				CODE_SIGN_IDENTITY = "iPhone Developer";
				COPY_PHASE_STRIP = NO;
				DEBUG_INFORMATION_FORMAT = "dwarf-with-dsym";
				ENABLE_NS_ASSERTIONS = NO;
				ENABLE_STRICT_OBJC_MSGSEND = YES;
				GCC_C_LANGUAGE_STANDARD = gnu11;
				GCC_NO_COMMON_BLOCKS = YES;
				GCC_WARN_64_TO_32_BIT_CONVERSION = YES;
				GCC_WARN_ABOUT_RETURN_TYPE = YES_ERROR;
				GCC_WARN_UNDECLARED_SELECTOR = YES;
				GCC_WARN_UNINITIALIZED_AUTOS = YES_AGGRESSIVE;
				GCC_WARN_UNUSED_FUNCTION = YES;
				GCC_WARN_UNUSED_VARIABLE = YES;
				IPHONEOS_DEPLOYMENT_TARGET = 12.2;
				MTL_ENABLE_DEBUG_INFO = NO;
				MTL_FAST_MATH = YES;
				SDKROOT = iphoneos;
				SWIFT_COMPILATION_MODE = wholemodule;
				SWIFT_OPTIMIZATION_LEVEL = "-O";
				VALIDATE_PRODUCT = YES;
			};
			name = Release;
		};
		E972F4BD22C2480800A0514F /* Debug */ = {
			isa = XCBuildConfiguration;
			buildSettings = {
				ASSETCATALOG_COMPILER_APPICON_NAME = AppIcon;
				CODE_SIGN_STYLE = Automatic;
				DEVELOPMENT_TEAM = B6GSU378LR;
				INFOPLIST_FILE = TTCompanies/Info.plist;
				LD_RUNPATH_SEARCH_PATHS = (
					"$(inherited)",
					"@executable_path/Frameworks",
				);
				PRODUCT_BUNDLE_IDENTIFIER = aleksandrpravda.TTCompanies;
				PRODUCT_NAME = "$(TARGET_NAME)";
				SWIFT_VERSION = 5.0;
				TARGETED_DEVICE_FAMILY = "1,2";
			};
			name = Debug;
		};
		E972F4BE22C2480800A0514F /* Release */ = {
			isa = XCBuildConfiguration;
			buildSettings = {
				ASSETCATALOG_COMPILER_APPICON_NAME = AppIcon;
				CODE_SIGN_STYLE = Automatic;
				DEVELOPMENT_TEAM = B6GSU378LR;
				INFOPLIST_FILE = TTCompanies/Info.plist;
				LD_RUNPATH_SEARCH_PATHS = (
					"$(inherited)",
					"@executable_path/Frameworks",
				);
				PRODUCT_BUNDLE_IDENTIFIER = aleksandrpravda.TTCompanies;
				PRODUCT_NAME = "$(TARGET_NAME)";
				SWIFT_VERSION = 5.0;
				TARGETED_DEVICE_FAMILY = "1,2";
			};
			name = Release;
		};
		E972F4C022C2480800A0514F /* Debug */ = {
			isa = XCBuildConfiguration;
			buildSettings = {
				ALWAYS_EMBED_SWIFT_STANDARD_LIBRARIES = YES;
				BUNDLE_LOADER = "$(TEST_HOST)";
				CODE_SIGN_STYLE = Automatic;
				DEVELOPMENT_TEAM = B6GSU378LR;
				INFOPLIST_FILE = TTCompaniesTests/Info.plist;
				LD_RUNPATH_SEARCH_PATHS = (
					"$(inherited)",
					"@executable_path/Frameworks",
					"@loader_path/Frameworks",
				);
				PRODUCT_BUNDLE_IDENTIFIER = aleksandrpravda.TTCompaniesTests;
				PRODUCT_NAME = "$(TARGET_NAME)";
				SWIFT_VERSION = 5.0;
				TARGETED_DEVICE_FAMILY = "1,2";
				TEST_HOST = "$(BUILT_PRODUCTS_DIR)/TTCompanies.app/TTCompanies";
			};
			name = Debug;
		};
		E972F4C122C2480800A0514F /* Release */ = {
			isa = XCBuildConfiguration;
			buildSettings = {
				ALWAYS_EMBED_SWIFT_STANDARD_LIBRARIES = YES;
				BUNDLE_LOADER = "$(TEST_HOST)";
				CODE_SIGN_STYLE = Automatic;
				DEVELOPMENT_TEAM = B6GSU378LR;
				INFOPLIST_FILE = TTCompaniesTests/Info.plist;
				LD_RUNPATH_SEARCH_PATHS = (
					"$(inherited)",
					"@executable_path/Frameworks",
					"@loader_path/Frameworks",
				);
				PRODUCT_BUNDLE_IDENTIFIER = aleksandrpravda.TTCompaniesTests;
				PRODUCT_NAME = "$(TARGET_NAME)";
				SWIFT_VERSION = 5.0;
				TARGETED_DEVICE_FAMILY = "1,2";
				TEST_HOST = "$(BUILT_PRODUCTS_DIR)/TTCompanies.app/TTCompanies";
			};
			name = Release;
		};
/* End XCBuildConfiguration section */

/* Begin XCConfigurationList section */
		E972F49722C2480500A0514F /* Build configuration list for PBXProject "TTCompanies" */ = {
			isa = XCConfigurationList;
			buildConfigurations = (
				E972F4BA22C2480800A0514F /* Debug */,
				E972F4BB22C2480800A0514F /* Release */,
			);
			defaultConfigurationIsVisible = 0;
			defaultConfigurationName = Release;
		};
		E972F4BC22C2480800A0514F /* Build configuration list for PBXNativeTarget "TTCompanies" */ = {
			isa = XCConfigurationList;
			buildConfigurations = (
				E972F4BD22C2480800A0514F /* Debug */,
				E972F4BE22C2480800A0514F /* Release */,
			);
			defaultConfigurationIsVisible = 0;
			defaultConfigurationName = Release;
		};
		E972F4BF22C2480800A0514F /* Build configuration list for PBXNativeTarget "TTCompaniesTests" */ = {
			isa = XCConfigurationList;
			buildConfigurations = (
				E972F4C022C2480800A0514F /* Debug */,
				E972F4C122C2480800A0514F /* Release */,
			);
			defaultConfigurationIsVisible = 0;
			defaultConfigurationName = Release;
		};
/* End XCConfigurationList section */

/* Begin XCVersionGroup section */
		E972F4A622C2480500A0514F /* TTCompanies.xcdatamodeld */ = {
			isa = XCVersionGroup;
			children = (
				E972F4A722C2480500A0514F /* TTCompanies.xcdatamodel */,
			);
			currentVersion = E972F4A722C2480500A0514F /* TTCompanies.xcdatamodel */;
			path = TTCompanies.xcdatamodeld;
			sourceTree = "<group>";
			versionGroupType = wrapper.xcdatamodel;
		};
/* End XCVersionGroup section */
	};
	rootObject = E972F49422C2480500A0514F /* Project object */;
}
